
Microsoft Visual Studio Solution File, Format Version 12.00
# Visual Studio Version 17
VisualStudioVersion = 17.11.35219.272
MinimumVisualStudioVersion = 10.0.40219.1
Project("{FAE04EC0-301F-11D3-BF4B-00C04F79EFBC}") = "WebApplication1", "WebApplication1\WebApplication1.csproj", "{3293B7D5-D12A-4E76-8607-988482F5AC2F}"
EndProject
Global
	GlobalSection(SolutionConfigurationPlatforms) = preSolution
		Debug|Any CPU = Debug|Any CPU
		Release|Any CPU = Release|Any CPU
	EndGlobalSection
	GlobalSection(ProjectConfigurationPlatforms) = postSolution
		{3293B7D5-D12A-4E76-8607-988482F5AC2F}.Debug|Any CPU.ActiveCfg = Debug|Any CPU
		{3293B7D5-D12A-4E76-8607-988482F5AC2F}.Debug|Any CPU.Build.0 = Debug|Any CPU
		{3293B7D5-D12A-4E76-8607-988482F5AC2F}.Release|Any CPU.ActiveCfg = Release|Any CPU
		{3293B7D5-D12A-4E76-8607-988482F5AC2F}.Release|Any CPU.Build.0 = Release|Any CPU
	EndGlobalSection
	GlobalSection(SolutionProperties) = preSolution
		HideSolutionNode = FALSE
	EndGlobalSection
	GlobalSection(ExtensibilityGlobals) = postSolution
		SolutionGuid = {6CC6330D-3508-453B-ACBF-6269FE434C75}
	EndGlobalSection
EndGlobal
